
Microsoft Visual Studio Solution File, Format Version 12.00
# Visual Studio 2013
VisualStudioVersion = 12.0.21005.1
MinimumVisualStudioVersion = 10.0.40219.1
Project("{FAE04EC0-301F-11D3-BF4B-00C04F79EFBC}") = "Converter", "Converter\Converter.csproj", "{ECC841FD-D7FE-49DC-A857-CCC0B18302D1}"
EndProject
Project("{FAE04EC0-301F-11D3-BF4B-00C04F79EFBC}") = "Test", "Test\Test.csproj", "{92F8F3F1-4EB2-4907-BAA5-196A6F56EFF2}"
EndProject
Global
	GlobalSection(SolutionConfigurationPlatforms) = preSolution
		Debug|Any CPU = Debug|Any CPU
		Release|Any CPU = Release|Any CPU
	EndGlobalSection
	GlobalSection(ProjectConfigurationPlatforms) = postSolution
		{ECC841FD-D7FE-49DC-A857-CCC0B18302D1}.Debug|Any CPU.ActiveCfg = Debug|Any CPU
		{ECC841FD-D7FE-49DC-A857-CCC0B18302D1}.Debug|Any CPU.Build.0 = Debug|Any CPU
		{ECC841FD-D7FE-49DC-A857-CCC0B18302D1}.Release|Any CPU.ActiveCfg = Release|Any CPU
		{ECC841FD-D7FE-49DC-A857-CCC0B18302D1}.Release|Any CPU.Build.0 = Release|Any CPU
		{92F8F3F1-4EB2-4907-BAA5-196A6F56EFF2}.Debug|Any CPU.ActiveCfg = Debug|Any CPU
		{92F8F3F1-4EB2-4907-BAA5-196A6F56EFF2}.Debug|Any CPU.Build.0 = Debug|Any CPU
		{92F8F3F1-4EB2-4907-BAA5-196A6F56EFF2}.Release|Any CPU.ActiveCfg = Release|Any CPU
		{92F8F3F1-4EB2-4907-BAA5-196A6F56EFF2}.Release|Any CPU.Build.0 = Release|Any CPU
	EndGlobalSection
	GlobalSection(SolutionProperties) = preSolution
		HideSolutionNode = FALSE
	EndGlobalSection
EndGlobal
